
Microsoft Visual Studio Solution File, Format Version 12.00
# Visual Studio Version 16
VisualStudioVersion = 16.0.28803.352
MinimumVisualStudioVersion = 10.0.40219.1
Project("{FAE04EC0-301F-11D3-BF4B-00C04F79EFBC}") = "Data", "Data\Data.csproj", "{38FA9268-3E9A-4B23-B4D6-B010D22E7DEF}"
EndProject
Project("{FAE04EC0-301F-11D3-BF4B-00C04F79EFBC}") = "Modelo", "Modelo\Modelo.csproj", "{30AA6EC1-D165-46C2-954B-66280B29D5E8}"
EndProject
Project("{FAE04EC0-301F-11D3-BF4B-00C04F79EFBC}") = "UI.Forms", "UI.Forms\UI.Forms.csproj", "{75E662C5-E485-4A83-92E2-01E0E5D493FA}"
EndProject
Project("{FAE04EC0-301F-11D3-BF4B-00C04F79EFBC}") = "Negocio", "Negocio\Negocio.csproj", "{0717B9B6-2985-450E-902B-A9562CF573AC}"
EndProject
Project("{FAE04EC0-301F-11D3-BF4B-00C04F79EFBC}") = "UI.WebForms", "UI.WebForms\UI.WebForms.csproj", "{1329F303-2B62-41E1-B074-D5240E0AE758}"
EndProject
Global
	GlobalSection(SolutionConfigurationPlatforms) = preSolution
		Debug|Any CPU = Debug|Any CPU
		Release|Any CPU = Release|Any CPU
	EndGlobalSection
	GlobalSection(ProjectConfigurationPlatforms) = postSolution
		{38FA9268-3E9A-4B23-B4D6-B010D22E7DEF}.Debug|Any CPU.ActiveCfg = Debug|Any CPU
		{38FA9268-3E9A-4B23-B4D6-B010D22E7DEF}.Debug|Any CPU.Build.0 = Debug|Any CPU
		{38FA9268-3E9A-4B23-B4D6-B010D22E7DEF}.Release|Any CPU.ActiveCfg = Release|Any CPU
		{38FA9268-3E9A-4B23-B4D6-B010D22E7DEF}.Release|Any CPU.Build.0 = Release|Any CPU
		{30AA6EC1-D165-46C2-954B-66280B29D5E8}.Debug|Any CPU.ActiveCfg = Debug|Any CPU
		{30AA6EC1-D165-46C2-954B-66280B29D5E8}.Debug|Any CPU.Build.0 = Debug|Any CPU
		{30AA6EC1-D165-46C2-954B-66280B29D5E8}.Release|Any CPU.ActiveCfg = Release|Any CPU
		{30AA6EC1-D165-46C2-954B-66280B29D5E8}.Release|Any CPU.Build.0 = Release|Any CPU
		{75E662C5-E485-4A83-92E2-01E0E5D493FA}.Debug|Any CPU.ActiveCfg = Debug|Any CPU
		{75E662C5-E485-4A83-92E2-01E0E5D493FA}.Debug|Any CPU.Build.0 = Debug|Any CPU
		{75E662C5-E485-4A83-92E2-01E0E5D493FA}.Release|Any CPU.ActiveCfg = Release|Any CPU
		{75E662C5-E485-4A83-92E2-01E0E5D493FA}.Release|Any CPU.Build.0 = Release|Any CPU
		{0717B9B6-2985-450E-902B-A9562CF573AC}.Debug|Any CPU.ActiveCfg = Debug|Any CPU
		{0717B9B6-2985-450E-902B-A9562CF573AC}.Debug|Any CPU.Build.0 = Debug|Any CPU
		{0717B9B6-2985-450E-902B-A9562CF573AC}.Release|Any CPU.ActiveCfg = Release|Any CPU
		{0717B9B6-2985-450E-902B-A9562CF573AC}.Release|Any CPU.Build.0 = Release|Any CPU
		{1329F303-2B62-41E1-B074-D5240E0AE758}.Debug|Any CPU.ActiveCfg = Debug|Any CPU
		{1329F303-2B62-41E1-B074-D5240E0AE758}.Debug|Any CPU.Build.0 = Debug|Any CPU
		{1329F303-2B62-41E1-B074-D5240E0AE758}.Release|Any CPU.ActiveCfg = Release|Any CPU
		{1329F303-2B62-41E1-B074-D5240E0AE758}.Release|Any CPU.Build.0 = Release|Any CPU
	EndGlobalSection
	GlobalSection(SolutionProperties) = preSolution
		HideSolutionNode = FALSE
	EndGlobalSection
	GlobalSection(ExtensibilityGlobals) = postSolution
		SolutionGuid = {94C394CC-F29C-42D8-A9C2-A9CEF4BC987C}
	EndGlobalSection
EndGlobal
